// !$*UTF8*$!
{
	archiveVersion = 1;
	classes = {
	};
	objectVersion = 50;
	objects = {

/* Begin PBXBuildFile section */
		8D89355624E44FE40028F744 /* AppDelegate.swift in Sources */ = {isa = PBXBuildFile; fileRef = 8D89355524E44FE40028F744 /* AppDelegate.swift */; };
		8D89355824E44FE40028F744 /* SceneDelegate.swift in Sources */ = {isa = PBXBuildFile; fileRef = 8D89355724E44FE40028F744 /* SceneDelegate.swift */; };
		8D89356024E44FE40028F744 /* RohitbhayyaError.xcdatamodeld in Sources */ = {isa = PBXBuildFile; fileRef = 8D89355E24E44FE40028F744 /* RohitbhayyaError.xcdatamodeld */; };
		8D89356224E44FE70028F744 /* Assets.xcassets in Resources */ = {isa = PBXBuildFile; fileRef = 8D89356124E44FE70028F744 /* Assets.xcassets */; };
		8D89356524E44FE70028F744 /* LaunchScreen.storyboard in Resources */ = {isa = PBXBuildFile; fileRef = 8D89356324E44FE70028F744 /* LaunchScreen.storyboard */; };
		8D89356D24E450010028F744 /* YotutubeCollectionViewCell.swift in Sources */ = {isa = PBXBuildFile; fileRef = 8D89356C24E450010028F744 /* YotutubeCollectionViewCell.swift */; };
		8D89356F24E450040028F744 /* YoutubeCell.swift in Sources */ = {isa = PBXBuildFile; fileRef = 8D89356E24E450040028F744 /* YoutubeCell.swift */; };
		8D89357124E450080028F744 /* InstagramCollectionViewCell.swift in Sources */ = {isa = PBXBuildFile; fileRef = 8D89357024E450080028F744 /* InstagramCollectionViewCell.swift */; };
		8D89357324E4500C0028F744 /* InstagramCell.swift in Sources */ = {isa = PBXBuildFile; fileRef = 8D89357224E4500C0028F744 /* InstagramCell.swift */; };
		8D89357524E450100028F744 /* ViewController.swift in Sources */ = {isa = PBXBuildFile; fileRef = 8D89357424E450100028F744 /* ViewController.swift */; };
		8D89357924E4525A0028F744 /* UIHelper.swift in Sources */ = {isa = PBXBuildFile; fileRef = 8D89357824E4525A0028F744 /* UIHelper.swift */; };
/* End PBXBuildFile section */

/* Begin PBXFileReference section */
		8D89355224E44FE40028F744 /* RohitbhayyaError.app */ = {isa = PBXFileReference; explicitFileType = wrapper.application; includeInIndex = 0; path = RohitbhayyaError.app; sourceTree = BUILT_PRODUCTS_DIR; };
		8D89355524E44FE40028F744 /* AppDelegate.swift */ = {isa = PBXFileReference; lastKnownFileType = sourcecode.swift; path = AppDelegate.swift; sourceTree = "<group>"; };
		8D89355724E44FE40028F744 /* SceneDelegate.swift */ = {isa = PBXFileReference; lastKnownFileType = sourcecode.swift; path = SceneDelegate.swift; sourceTree = "<group>"; };
		8D89355F24E44FE40028F744 /* RohitbhayyaError.xcdatamodel */ = {isa = PBXFileReference; lastKnownFileType = wrapper.xcdatamodel; path = RohitbhayyaError.xcdatamodel; sourceTree = "<group>"; };
		8D89356124E44FE70028F744 /* Assets.xcassets */ = {isa = PBXFileReference; lastKnownFileType = folder.assetcatalog; path = Assets.xcassets; sourceTree = "<group>"; };
		8D89356424E44FE70028F744 /* Base */ = {isa = PBXFileReference; lastKnownFileType = file.storyboard; name = Base; path = Base.lproj/LaunchScreen.storyboard; sourceTree = "<group>"; };
		8D89356624E44FE70028F744 /* Info.plist */ = {isa = PBXFileReference; lastKnownFileType = text.plist.xml; path = Info.plist; sourceTree = "<group>"; };
		8D89356C24E450010028F744 /* YotutubeCollectionViewCell.swift */ = {isa = PBXFileReference; fileEncoding = 4; lastKnownFileType = sourcecode.swift; path = YotutubeCollectionViewCell.swift; sourceTree = "<group>"; };
		8D89356E24E450040028F744 /* YoutubeCell.swift */ = {isa = PBXFileReference; fileEncoding = 4; lastKnownFileType = sourcecode.swift; path = YoutubeCell.swift; sourceTree = "<group>"; };
		8D89357024E450080028F744 /* InstagramCollectionViewCell.swift */ = {isa = PBXFileReference; fileEncoding = 4; lastKnownFileType = sourcecode.swift; path = InstagramCollectionViewCell.swift; sourceTree = "<group>"; };
		8D89357224E4500C0028F744 /* InstagramCell.swift */ = {isa = PBXFileReference; fileEncoding = 4; lastKnownFileType = sourcecode.swift; path = InstagramCell.swift; sourceTree = "<group>"; };
		8D89357424E450100028F744 /* ViewController.swift */ = {isa = PBXFileReference; fileEncoding = 4; lastKnownFileType = sourcecode.swift; name = ViewController.swift; path = ../../SubmissionWednesday120820/SubmissionWednesday120820/ViewController.swift; sourceTree = "<group>"; };
		8D89357824E4525A0028F744 /* UIHelper.swift */ = {isa = PBXFileReference; lastKnownFileType = sourcecode.swift; path = UIHelper.swift; sourceTree = "<group>"; };
/* End PBXFileReference section */

/* Begin PBXFrameworksBuildPhase section */
		8D89354F24E44FE40028F744 /* Frameworks */ = {
			isa = PBXFrameworksBuildPhase;
			buildActionMask = 2147483647;
			files = (
			);
			runOnlyForDeploymentPostprocessing = 0;
		};
/* End PBXFrameworksBuildPhase section */

/* Begin PBXGroup section */
		8D89354924E44FE40028F744 = {
			isa = PBXGroup;
			children = (
				8D89355424E44FE40028F744 /* RohitbhayyaError */,
				8D89355324E44FE40028F744 /* Products */,
			);
			sourceTree = "<group>";
		};
		8D89355324E44FE40028F744 /* Products */ = {
			isa = PBXGroup;
			children = (
				8D89355224E44FE40028F744 /* RohitbhayyaError.app */,
			);
			name = Products;
			sourceTree = "<group>";
		};
		8D89355424E44FE40028F744 /* RohitbhayyaError */ = {
			isa = PBXGroup;
			children = (
				8D89355524E44FE40028F744 /* AppDelegate.swift */,
				8D89355724E44FE40028F744 /* SceneDelegate.swift */,
				8D89357424E450100028F744 /* ViewController.swift */,
				8D89356C24E450010028F744 /* YotutubeCollectionViewCell.swift */,
				8D89356E24E450040028F744 /* YoutubeCell.swift */,
				8D89357024E450080028F744 /* InstagramCollectionViewCell.swift */,
				8D89357224E4500C0028F744 /* InstagramCell.swift */,
				8D89357824E4525A0028F744 /* UIHelper.swift */,
				8D89356124E44FE70028F744 /* Assets.xcassets */,
				8D89356324E44FE70028F744 /* LaunchScreen.storyboard */,
				8D89356624E44FE70028F744 /* Info.plist */,
				8D89355E24E44FE40028F744 /* RohitbhayyaError.xcdatamodeld */,
			);
			path = RohitbhayyaError;
			sourceTree = "<group>";
		};
/* End PBXGroup section */

/* Begin PBXNativeTarget section */
		8D89355124E44FE40028F744 /* RohitbhayyaError */ = {
			isa = PBXNativeTarget;
			buildConfigurationList = 8D89356924E44FE70028F744 /* Build configuration list for PBXNativeTarget "RohitbhayyaError" */;
			buildPhases = (
				8D89354E24E44FE40028F744 /* Sources */,
				8D89354F24E44FE40028F744 /* Frameworks */,
				8D89355024E44FE40028F744 /* Resources */,
			);
			buildRules = (
			);
			dependencies = (
			);
			name = RohitbhayyaError;
			productName = RohitbhayyaError;
			productReference = 8D89355224E44FE40028F744 /* RohitbhayyaError.app */;
			productType = "com.apple.product-type.application";
		};
/* End PBXNativeTarget section */

/* Begin PBXProject section */
		8D89354A24E44FE40028F744 /* Project object */ = {
			isa = PBXProject;
			attributes = {
				LastSwiftUpdateCheck = 1160;
				LastUpgradeCheck = 1160;
				ORGANIZATIONNAME = "Tushar Elangovan";
				TargetAttributes = {
					8D89355124E44FE40028F744 = {
						CreatedOnToolsVersion = 11.6;
					};
				};
			};
			buildConfigurationList = 8D89354D24E44FE40028F744 /* Build configuration list for PBXProject "RohitbhayyaError" */;
			compatibilityVersion = "Xcode 9.3";
			developmentRegion = en;
			hasScannedForEncodings = 0;
			knownRegions = (
				en,
				Base,
			);
			mainGroup = 8D89354924E44FE40028F744;
			productRefGroup = 8D89355324E44FE40028F744 /* Products */;
			projectDirPath = "";
			projectRoot = "";
			targets = (
				8D89355124E44FE40028F744 /* RohitbhayyaError */,
			);
		};
/* End PBXProject section */

/* Begin PBXResourcesBuildPhase section */
		8D89355024E44FE40028F744 /* Resources */ = {
			isa = PBXResourcesBuildPhase;
			buildActionMask = 2147483647;
			files = (
				8D89356524E44FE70028F744 /* LaunchScreen.storyboard in Resources */,
				8D89356224E44FE70028F744 /* Assets.xcassets in Resources */,
			);
			runOnlyForDeploymentPostprocessing = 0;
		};
/* End PBXResourcesBuildPhase section */

/* Begin PBXSourcesBuildPhase section */
		8D89354E24E44FE40028F744 /* Sources */ = {
			isa = PBXSourcesBuildPhase;
			buildActionMask = 2147483647;
			files = (
				8D89355624E44FE40028F744 /* AppDelegate.swift in Sources */,
				8D89357124E450080028F744 /* InstagramCollectionViewCell.swift in Sources */,
				8D89357524E450100028F744 /* ViewController.swift in Sources */,
				8D89357924E4525A0028F744 /* UIHelper.swift in Sources */,
				8D89355824E44FE40028F744 /* SceneDelegate.swift in Sources */,
				8D89357324E4500C0028F744 /* InstagramCell.swift in Sources */,
				8D89356D24E450010028F744 /* YotutubeCollectionViewCell.swift in Sources */,
				8D89356024E44FE40028F744 /* RohitbhayyaError.xcdatamodeld in Sources */,
				8D89356F24E450040028F744 /* YoutubeCell.swift in Sources */,
			);
			runOnlyForDeploymentPostprocessing = 0;
		};
/* End PBXSourcesBuildPhase section */

/* Begin PBXVariantGroup section */
		8D89356324E44FE70028F744 /* LaunchScreen.storyboard */ = {
			isa = PBXVariantGroup;
			children = (
				8D89356424E44FE70028F744 /* Base */,
			);
			name = LaunchScreen.storyboard;
			sourceTree = "<group>";
		};
/* End PBXVariantGroup section */

/* Begin XCBuildConfiguration section */
		8D89356724E44FE70028F744 /* Debug */ = {
			isa = XCBuildConfiguration;
			buildSettings = {
				ALWAYS_SEARCH_USER_PATHS = NO;
				CLANG_ANALYZER_NONNULL = YES;
				CLANG_ANALYZER_NUMBER_OBJECT_CONVERSION = YES_AGGRESSIVE;
				CLANG_CXX_LANGUAGE_STANDARD = "gnu++14";
				CLANG_CXX_LIBRARY = "libc++";
				CLANG_ENABLE_MODULES = YES;
				CLANG_ENABLE_OBJC_ARC = YES;
				CLANG_ENABLE_OBJC_WEAK = YES;
				CLANG_WARN_BLOCK_CAPTURE_AUTORELEASING = YES;
				CLANG_WARN_BOOL_CONVERSION = YES;
				CLANG_WARN_COMMA = YES;
				CLANG_WARN_CONSTANT_CONVERSION = YES;
				CLANG_WARN_DEPRECATED_OBJC_IMPLEMENTATIONS = YES;
				CLANG_WARN_DIRECT_OBJC_ISA_USAGE = YES_ERROR;
				CLANG_WARN_DOCUMENTATION_COMMENTS = YES;
				CLANG_WARN_EMPTY_BODY = YES;
				CLANG_WARN_ENUM_CONVERSION = YES;
				CLANG_WARN_INFINITE_RECURSION = YES;
				CLANG_WARN_INT_CONVERSION = YES;
				CLANG_WARN_NON_LITERAL_NULL_CONVERSION = YES;
				CLANG_WARN_OBJC_IMPLICIT_RETAIN_SELF = YES;
				CLANG_WARN_OBJC_LITERAL_CONVERSION = YES;
				CLANG_WARN_OBJC_ROOT_CLASS = YES_ERROR;
				CLANG_WARN_RANGE_LOOP_ANALYSIS = YES;
				CLANG_WARN_STRICT_PROTOTYPES = YES;
				CLANG_WARN_SUSPICIOUS_MOVE = YES;
				CLANG_WARN_UNGUARDED_AVAILABILITY = YES_AGGRESSIVE;
				CLANG_WARN_UNREACHABLE_CODE = YES;
				CLANG_WARN__DUPLICATE_METHOD_MATCH = YES;
				COPY_PHASE_STRIP = NO;
				DEBUG_INFORMATION_FORMAT = dwarf;
				ENABLE_STRICT_OBJC_MSGSEND = YES;
				ENABLE_TESTABILITY = YES;
				GCC_C_LANGUAGE_STANDARD = gnu11;
				GCC_DYNAMIC_NO_PIC = NO;
				GCC_NO_COMMON_BLOCKS = YES;
				GCC_OPTIMIZATION_LEVEL = 0;
				GCC_PREPROCESSOR_DEFINITIONS = (
					"DEBUG=1",
					"$(inherited)",
				);
				GCC_WARN_64_TO_32_BIT_CONVERSION = YES;
				GCC_WARN_ABOUT_RETURN_TYPE = YES_ERROR;
				GCC_WARN_UNDECLARED_SELECTOR = YES;
				GCC_WARN_UNINITIALIZED_AUTOS = YES_AGGRESSIVE;
				GCC_WARN_UNUSED_FUNCTION = YES;
				GCC_WARN_UNUSED_VARIABLE = YES;
				IPHONEOS_DEPLOYMENT_TARGET = 13.6;
				MTL_ENABLE_DEBUG_INFO = INCLUDE_SOURCE;
				MTL_FAST_MATH = YES;
				ONLY_ACTIVE_ARCH = YES;
				SDKROOT = iphoneos;
				SWIFT_ACTIVE_COMPILATION_CONDITIONS = DEBUG;
				SWIFT_OPTIMIZATION_LEVEL = "-Onone";
			};
			name = Debug;
		};
		8D89356824E44FE70028F744 /* Release */ = {
			isa = XCBuildConfiguration;
			buildSettings = {
				ALWAYS_SEARCH_USER_PATHS = NO;
				CLANG_ANALYZER_NONNULL = YES;
				CLANG_ANALYZER_NUMBER_OBJECT_CONVERSION = YES_AGGRESSIVE;
				CLANG_CXX_LANGUAGE_STANDARD = "gnu++14";
				CLANG_CXX_LIBRARY = "libc++";
				CLANG_ENABLE_MODULES = YES;
				CLANG_ENABLE_OBJC_ARC = YES;
				CLANG_ENABLE_OBJC_WEAK = YES;
				CLANG_WARN_BLOCK_CAPTURE_AUTORELEASING = YES;
				CLANG_WARN_BOOL_CONVERSION = YES;
				CLANG_WARN_COMMA = YES;
				CLANG_WARN_CONSTANT_CONVERSION = YES;
				CLANG_WARN_DEPRECATED_OBJC_IMPLEMENTATIONS = YES;
				CLANG_WARN_DIRECT_OBJC_ISA_USAGE = YES_ERROR;
				CLANG_WARN_DOCUMENTATION_COMMENTS = YES;
				CLANG_WARN_EMPTY_BODY = YES;
				CLANG_WARN_ENUM_CONVERSION = YES;
				CLANG_WARN_INFINITE_RECURSION = YES;
				CLANG_WARN_INT_CONVERSION = YES;
				CLANG_WARN_NON_LITERAL_NULL_CONVERSION = YES;
				CLANG_WARN_OBJC_IMPLICIT_RETAIN_SELF = YES;
				CLANG_WARN_OBJC_LITERAL_CONVERSION = YES;
				CLANG_WARN_OBJC_ROOT_CLASS = YES_ERROR;
				CLANG_WARN_RANGE_LOOP_ANALYSIS = YES;
				CLANG_WARN_STRICT_PROTOTYPES = YES;
				CLANG_WARN_SUSPICIOUS_MOVE = YES;
				CLANG_WARN_UNGUARDED_AVAILABILITY = YES_AGGRESSIVE;
				CLANG_WARN_UNREACHABLE_CODE = YES;
				CLANG_WARN__DUPLICATE_METHOD_MATCH = YES;
				COPY_PHASE_STRIP = NO;
				DEBUG_INFORMATION_FORMAT = "dwarf-with-dsym";
				ENABLE_NS_ASSERTIONS = NO;
				ENABLE_STRICT_OBJC_MSGSEND = YES;
				GCC_C_LANGUAGE_STANDARD = gnu11;
				GCC_NO_COMMON_BLOCKS = YES;
				GCC_WARN_64_TO_32_BIT_CONVERSION = YES;
				GCC_WARN_ABOUT_RETURN_TYPE = YES_ERROR;
				GCC_WARN_UNDECLARED_SELECTOR = YES;
				GCC_WARN_UNINITIALIZED_AUTOS = YES_AGGRESSIVE;
				GCC_WARN_UNUSED_FUNCTION = YES;
				GCC_WARN_UNUSED_VARIABLE = YES;
				IPHONEOS_DEPLOYMENT_TARGET = 13.6;
				MTL_ENABLE_DEBUG_INFO = NO;
				MTL_FAST_MATH = YES;
				SDKROOT = iphoneos;
				SWIFT_COMPILATION_MODE = wholemodule;
				SWIFT_OPTIMIZATION_LEVEL = "-O";
				VALIDATE_PRODUCT = YES;
			};
			name = Release;
		};
		8D89356A24E44FE70028F744 /* Debug */ = {
			isa = XCBuildConfiguration;
			buildSettings = {
				ASSETCATALOG_COMPILER_APPICON_NAME = AppIcon;
				CODE_SIGN_STYLE = Automatic;
				DEVELOPMENT_TEAM = G879XHMX6G;
				INFOPLIST_FILE = RohitbhayyaError/Info.plist;
				LD_RUNPATH_SEARCH_PATHS = (
					"$(inherited)",
					"@executable_path/Frameworks",
				);
				PRODUCT_BUNDLE_IDENTIFIER = tushar.firstapp.RohitbhayyaError;
				PRODUCT_NAME = "$(TARGET_NAME)";
				SWIFT_VERSION = 5.0;
				TARGETED_DEVICE_FAMILY = "1,2";
			};
			name = Debug;
		};
		8D89356B24E44FE70028F744 /* Release */ = {
			isa = XCBuildConfiguration;
			buildSettings = {
				ASSETCATALOG_COMPILER_APPICON_NAME = AppIcon;
				CODE_SIGN_STYLE = Automatic;
				DEVELOPMENT_TEAM = G879XHMX6G;
				INFOPLIST_FILE = RohitbhayyaError/Info.plist;
				LD_RUNPATH_SEARCH_PATHS = (
					"$(inherited)",
					"@executable_path/Frameworks",
				);
				PRODUCT_BUNDLE_IDENTIFIER = tushar.firstapp.RohitbhayyaError;
				PRODUCT_NAME = "$(TARGET_NAME)";
				SWIFT_VERSION = 5.0;
				TARGETED_DEVICE_FAMILY = "1,2";
			};
			name = Release;
		};
/* End XCBuildConfiguration section */

/* Begin XCConfigurationList section */
		8D89354D24E44FE40028F744 /* Build configuration list for PBXProject "RohitbhayyaError" */ = {
			isa = XCConfigurationList;
			buildConfigurations = (
				8D89356724E44FE70028F744 /* Debug */,
				8D89356824E44FE70028F744 /* Release */,
			);
			defaultConfigurationIsVisible = 0;
			defaultConfigurationName = Release;
		};
		8D89356924E44FE70028F744 /* Build configuration list for PBXNativeTarget "RohitbhayyaError" */ = {
			isa = XCConfigurationList;
			buildConfigurations = (
				8D89356A24E44FE70028F744 /* Debug */,
				8D89356B24E44FE70028F744 /* Release */,
			);
			defaultConfigurationIsVisible = 0;
			defaultConfigurationName = Release;
		};
/* End XCConfigurationList section */

/* Begin XCVersionGroup section */
		8D89355E24E44FE40028F744 /* RohitbhayyaError.xcdatamodeld */ = {
			isa = XCVersionGroup;
			children = (
				8D89355F24E44FE40028F744 /* RohitbhayyaError.xcdatamodel */,
			);
			currentVersion = 8D89355F24E44FE40028F744 /* RohitbhayyaError.xcdatamodel */;
			path = RohitbhayyaError.xcdatamodeld;
			sourceTree = "<group>";
			versionGroupType = wrapper.xcdatamodel;
		};
/* End XCVersionGroup section */
	};
	rootObject = 8D89354A24E44FE40028F744 /* Project object */;
}
